
Microsoft Visual Studio Solution File, Format Version 12.00
# Visual Studio Version 17
VisualStudioVersion = 17.8.34330.188
MinimumVisualStudioVersion = 10.0.40219.1
Project("{FAE04EC0-301F-11D3-BF4B-00C04F79EFBC}") = "Rest", "Rest\Rest.csproj", "{03805E89-75B3-45AF-A5CA-6E8DEA06B675}"
EndProject
Global
	GlobalSection(SolutionConfigurationPlatforms) = preSolution
		Debug|Any CPU = Debug|Any CPU
		Release|Any CPU = Release|Any CPU
	EndGlobalSection
	GlobalSection(ProjectConfigurationPlatforms) = postSolution
		{03805E89-75B3-45AF-A5CA-6E8DEA06B675}.Debug|Any CPU.ActiveCfg = Debug|Any CPU
		{03805E89-75B3-45AF-A5CA-6E8DEA06B675}.Debug|Any CPU.Build.0 = Debug|Any CPU
		{03805E89-75B3-45AF-A5CA-6E8DEA06B675}.Release|Any CPU.ActiveCfg = Release|Any CPU
		{03805E89-75B3-45AF-A5CA-6E8DEA06B675}.Release|Any CPU.Build.0 = Release|Any CPU
	EndGlobalSection
	GlobalSection(SolutionProperties) = preSolution
		HideSolutionNode = FALSE
	EndGlobalSection
	GlobalSection(ExtensibilityGlobals) = postSolution
		SolutionGuid = {52A6A8BF-E477-4D19-B2E4-A363D9BDA5B6}
	EndGlobalSection
EndGlobal
